
Microsoft Visual Studio Solution File, Format Version 12.00
# Visual Studio Version 17
VisualStudioVersion = 17.2.32526.322
MinimumVisualStudioVersion = 10.0.40219.1
Project("{FAE04EC0-301F-11D3-BF4B-00C04F79EFBC}") = "Volleyball_Serve_Clock", "Volleyball_Serve_Clock.csproj", "{614546C9-D314-4E74-A885-B2B9E587B759}"
EndProject
Global
	GlobalSection(SolutionConfigurationPlatforms) = preSolution
		Debug|Any CPU = Debug|Any CPU
		Release|Any CPU = Release|Any CPU
	EndGlobalSection
	GlobalSection(ProjectConfigurationPlatforms) = postSolution
		{614546C9-D314-4E74-A885-B2B9E587B759}.Debug|Any CPU.ActiveCfg = Debug|Any CPU
		{614546C9-D314-4E74-A885-B2B9E587B759}.Debug|Any CPU.Build.0 = Debug|Any CPU
		{614546C9-D314-4E74-A885-B2B9E587B759}.Release|Any CPU.ActiveCfg = Release|Any CPU
		{614546C9-D314-4E74-A885-B2B9E587B759}.Release|Any CPU.Build.0 = Release|Any CPU
	EndGlobalSection
	GlobalSection(SolutionProperties) = preSolution
		HideSolutionNode = FALSE
	EndGlobalSection
	GlobalSection(ExtensibilityGlobals) = postSolution
		SolutionGuid = {4E6DB35E-16ED-417A-850C-E925224D6F8F}
	EndGlobalSection
EndGlobal
